// !$*UTF8*$!
{
	archiveVersion = 1;
	classes = {
	};
	objectVersion = 46;
	objects = {

/* Begin PBXBuildFile section */
		9767370A1D41222200158C06 /* main.m in Sources */ = {isa = PBXBuildFile; fileRef = 976737091D41222200158C06 /* main.m */; };
		9767370D1D41222200158C06 /* AppDelegate.m in Sources */ = {isa = PBXBuildFile; fileRef = 9767370C1D41222200158C06 /* AppDelegate.m */; };
		976737101D41222200158C06 /* Receipts.xcdatamodeld in Sources */ = {isa = PBXBuildFile; fileRef = 9767370E1D41222200158C06 /* Receipts.xcdatamodeld */; };
		976737131D41222200158C06 /* MasterViewController.m in Sources */ = {isa = PBXBuildFile; fileRef = 976737121D41222200158C06 /* MasterViewController.m */; };
		976737161D41222200158C06 /* DetailViewController.m in Sources */ = {isa = PBXBuildFile; fileRef = 976737151D41222200158C06 /* DetailViewController.m */; };
		976737191D41222200158C06 /* Main.storyboard in Resources */ = {isa = PBXBuildFile; fileRef = 976737171D41222200158C06 /* Main.storyboard */; };
		9767371B1D41222200158C06 /* Assets.xcassets in Resources */ = {isa = PBXBuildFile; fileRef = 9767371A1D41222200158C06 /* Assets.xcassets */; };
		9767371E1D41222200158C06 /* LaunchScreen.storyboard in Resources */ = {isa = PBXBuildFile; fileRef = 9767371C1D41222200158C06 /* LaunchScreen.storyboard */; };
/* End PBXBuildFile section */

/* Begin PBXFileReference section */
		976737051D41222200158C06 /* Receipts.app */ = {isa = PBXFileReference; explicitFileType = wrapper.application; includeInIndex = 0; path = Receipts.app; sourceTree = BUILT_PRODUCTS_DIR; };
		976737091D41222200158C06 /* main.m */ = {isa = PBXFileReference; lastKnownFileType = sourcecode.c.objc; path = main.m; sourceTree = "<group>"; };
		9767370B1D41222200158C06 /* AppDelegate.h */ = {isa = PBXFileReference; lastKnownFileType = sourcecode.c.h; path = AppDelegate.h; sourceTree = "<group>"; };
		9767370C1D41222200158C06 /* AppDelegate.m */ = {isa = PBXFileReference; lastKnownFileType = sourcecode.c.objc; path = AppDelegate.m; sourceTree = "<group>"; };
		9767370F1D41222200158C06 /* Receipts.xcdatamodel */ = {isa = PBXFileReference; lastKnownFileType = wrapper.xcdatamodel; path = Receipts.xcdatamodel; sourceTree = "<group>"; };
		976737111D41222200158C06 /* MasterViewController.h */ = {isa = PBXFileReference; lastKnownFileType = sourcecode.c.h; path = MasterViewController.h; sourceTree = "<group>"; };
		976737121D41222200158C06 /* MasterViewController.m */ = {isa = PBXFileReference; lastKnownFileType = sourcecode.c.objc; path = MasterViewController.m; sourceTree = "<group>"; };
		976737141D41222200158C06 /* DetailViewController.h */ = {isa = PBXFileReference; lastKnownFileType = sourcecode.c.h; path = DetailViewController.h; sourceTree = "<group>"; };
		976737151D41222200158C06 /* DetailViewController.m */ = {isa = PBXFileReference; lastKnownFileType = sourcecode.c.objc; path = DetailViewController.m; sourceTree = "<group>"; };
		976737181D41222200158C06 /* Base */ = {isa = PBXFileReference; lastKnownFileType = file.storyboard; name = Base; path = Base.lproj/Main.storyboard; sourceTree = "<group>"; };
		9767371A1D41222200158C06 /* Assets.xcassets */ = {isa = PBXFileReference; lastKnownFileType = folder.assetcatalog; path = Assets.xcassets; sourceTree = "<group>"; };
		9767371D1D41222200158C06 /* Base */ = {isa = PBXFileReference; lastKnownFileType = file.storyboard; name = Base; path = Base.lproj/LaunchScreen.storyboard; sourceTree = "<group>"; };
		9767371F1D41222200158C06 /* Info.plist */ = {isa = PBXFileReference; lastKnownFileType = text.plist.xml; path = Info.plist; sourceTree = "<group>"; };
/* End PBXFileReference section */

/* Begin PBXFrameworksBuildPhase section */
		976737021D41222200158C06 /* Frameworks */ = {
			isa = PBXFrameworksBuildPhase;
			buildActionMask = 2147483647;
			files = (
			);
			runOnlyForDeploymentPostprocessing = 0;
		};
/* End PBXFrameworksBuildPhase section */

/* Begin PBXGroup section */
		976736FC1D41222200158C06 = {
			isa = PBXGroup;
			children = (
				976737071D41222200158C06 /* Receipts */,
				976737061D41222200158C06 /* Products */,
			);
			sourceTree = "<group>";
		};
		976737061D41222200158C06 /* Products */ = {
			isa = PBXGroup;
			children = (
				976737051D41222200158C06 /* Receipts.app */,
			);
			name = Products;
			sourceTree = "<group>";
		};
		976737071D41222200158C06 /* Receipts */ = {
			isa = PBXGroup;
			children = (
				9767370B1D41222200158C06 /* AppDelegate.h */,
				9767370C1D41222200158C06 /* AppDelegate.m */,
				976737111D41222200158C06 /* MasterViewController.h */,
				976737121D41222200158C06 /* MasterViewController.m */,
				976737141D41222200158C06 /* DetailViewController.h */,
				976737151D41222200158C06 /* DetailViewController.m */,
				976737171D41222200158C06 /* Main.storyboard */,
				9767371A1D41222200158C06 /* Assets.xcassets */,
				9767371C1D41222200158C06 /* LaunchScreen.storyboard */,
				9767371F1D41222200158C06 /* Info.plist */,
				9767370E1D41222200158C06 /* Receipts.xcdatamodeld */,
				976737081D41222200158C06 /* Supporting Files */,
			);
			path = Receipts;
			sourceTree = "<group>";
		};
		976737081D41222200158C06 /* Supporting Files */ = {
			isa = PBXGroup;
			children = (
				976737091D41222200158C06 /* main.m */,
			);
			name = "Supporting Files";
			sourceTree = "<group>";
		};
/* End PBXGroup section */

/* Begin PBXNativeTarget section */
		976737041D41222200158C06 /* Receipts */ = {
			isa = PBXNativeTarget;
			buildConfigurationList = 976737221D41222200158C06 /* Build configuration list for PBXNativeTarget "Receipts" */;
			buildPhases = (
				976737011D41222200158C06 /* Sources */,
				976737021D41222200158C06 /* Frameworks */,
				976737031D41222200158C06 /* Resources */,
			);
			buildRules = (
			);
			dependencies = (
			);
			name = Receipts;
			productName = Receipts;
			productReference = 976737051D41222200158C06 /* Receipts.app */;
			productType = "com.apple.product-type.application";
		};
/* End PBXNativeTarget section */

/* Begin PBXProject section */
		976736FD1D41222200158C06 /* Project object */ = {
			isa = PBXProject;
			attributes = {
				LastUpgradeCheck = 0730;
				ORGANIZATIONNAME = "Yana Kultysheva";
				TargetAttributes = {
					976737041D41222200158C06 = {
						CreatedOnToolsVersion = 7.3.1;
					};
				};
			};
			buildConfigurationList = 976737001D41222200158C06 /* Build configuration list for PBXProject "Receipts" */;
			compatibilityVersion = "Xcode 3.2";
			developmentRegion = English;
			hasScannedForEncodings = 0;
			knownRegions = (
				en,
				Base,
			);
			mainGroup = 976736FC1D41222200158C06;
			productRefGroup = 976737061D41222200158C06 /* Products */;
			projectDirPath = "";
			projectRoot = "";
			targets = (
				976737041D41222200158C06 /* Receipts */,
			);
		};
/* End PBXProject section */

/* Begin PBXResourcesBuildPhase section */
		976737031D41222200158C06 /* Resources */ = {
			isa = PBXResourcesBuildPhase;
			buildActionMask = 2147483647;
			files = (
				9767371E1D41222200158C06 /* LaunchScreen.storyboard in Resources */,
				9767371B1D41222200158C06 /* Assets.xcassets in Resources */,
				976737191D41222200158C06 /* Main.storyboard in Resources */,
			);
			runOnlyForDeploymentPostprocessing = 0;
		};
/* End PBXResourcesBuildPhase section */

/* Begin PBXSourcesBuildPhase section */
		976737011D41222200158C06 /* Sources */ = {
			isa = PBXSourcesBuildPhase;
			buildActionMask = 2147483647;
			files = (
				976737161D41222200158C06 /* DetailViewController.m in Sources */,
				976737131D41222200158C06 /* MasterViewController.m in Sources */,
				976737101D41222200158C06 /* Receipts.xcdatamodeld in Sources */,
				9767370D1D41222200158C06 /* AppDelegate.m in Sources */,
				9767370A1D41222200158C06 /* main.m in Sources */,
			);
			runOnlyForDeploymentPostprocessing = 0;
		};
/* End PBXSourcesBuildPhase section */

/* Begin PBXVariantGroup section */
		976737171D41222200158C06 /* Main.storyboard */ = {
			isa = PBXVariantGroup;
			children = (
				976737181D41222200158C06 /* Base */,
			);
			name = Main.storyboard;
			sourceTree = "<group>";
		};
		9767371C1D41222200158C06 /* LaunchScreen.storyboard */ = {
			isa = PBXVariantGroup;
			children = (
				9767371D1D41222200158C06 /* Base */,
			);
			name = LaunchScreen.storyboard;
			sourceTree = "<group>";
		};
/* End PBXVariantGroup section */

/* Begin XCBuildConfiguration section */
		976737201D41222200158C06 /* Debug */ = {
			isa = XCBuildConfiguration;
			buildSettings = {
				ALWAYS_SEARCH_USER_PATHS = NO;
				CLANG_ANALYZER_NONNULL = YES;
				CLANG_CXX_LANGUAGE_STANDARD = "gnu++0x";
				CLANG_CXX_LIBRARY = "libc++";
				CLANG_ENABLE_MODULES = YES;
				CLANG_ENABLE_OBJC_ARC = YES;
				CLANG_WARN_BOOL_CONVERSION = YES;
				CLANG_WARN_CONSTANT_CONVERSION = YES;
				CLANG_WARN_DIRECT_OBJC_ISA_USAGE = YES_ERROR;
				CLANG_WARN_EMPTY_BODY = YES;
				CLANG_WARN_ENUM_CONVERSION = YES;
				CLANG_WARN_INT_CONVERSION = YES;
				CLANG_WARN_OBJC_ROOT_CLASS = YES_ERROR;
				CLANG_WARN_UNREACHABLE_CODE = YES;
				CLANG_WARN__DUPLICATE_METHOD_MATCH = YES;
				"CODE_SIGN_IDENTITY[sdk=iphoneos*]" = "iPhone Developer";
				COPY_PHASE_STRIP = NO;
				DEBUG_INFORMATION_FORMAT = dwarf;
				ENABLE_STRICT_OBJC_MSGSEND = YES;
				ENABLE_TESTABILITY = YES;
				GCC_C_LANGUAGE_STANDARD = gnu99;
				GCC_DYNAMIC_NO_PIC = NO;
				GCC_NO_COMMON_BLOCKS = YES;
				GCC_OPTIMIZATION_LEVEL = 0;
				GCC_PREPROCESSOR_DEFINITIONS = (
					"DEBUG=1",
					"$(inherited)",
				);
				GCC_WARN_64_TO_32_BIT_CONVERSION = YES;
				GCC_WARN_ABOUT_RETURN_TYPE = YES_ERROR;
				GCC_WARN_UNDECLARED_SELECTOR = YES;
				GCC_WARN_UNINITIALIZED_AUTOS = YES_AGGRESSIVE;
				GCC_WARN_UNUSED_FUNCTION = YES;
				GCC_WARN_UNUSED_VARIABLE = YES;
				IPHONEOS_DEPLOYMENT_TARGET = 9.3;
				MTL_ENABLE_DEBUG_INFO = YES;
				ONLY_ACTIVE_ARCH = YES;
				SDKROOT = iphoneos;
			};
			name = Debug;
		};
		976737211D41222200158C06 /* Release */ = {
			isa = XCBuildConfiguration;
			buildSettings = {
				ALWAYS_SEARCH_USER_PATHS = NO;
				CLANG_ANALYZER_NONNULL = YES;
				CLANG_CXX_LANGUAGE_STANDARD = "gnu++0x";
				CLANG_CXX_LIBRARY = "libc++";
				CLANG_ENABLE_MODULES = YES;
				CLANG_ENABLE_OBJC_ARC = YES;
				CLANG_WARN_BOOL_CONVERSION = YES;
				CLANG_WARN_CONSTANT_CONVERSION = YES;
				CLANG_WARN_DIRECT_OBJC_ISA_USAGE = YES_ERROR;
				CLANG_WARN_EMPTY_BODY = YES;
				CLANG_WARN_ENUM_CONVERSION = YES;
				CLANG_WARN_INT_CONVERSION = YES;
				CLANG_WARN_OBJC_ROOT_CLASS = YES_ERROR;
				CLANG_WARN_UNREACHABLE_CODE = YES;
				CLANG_WARN__DUPLICATE_METHOD_MATCH = YES;
				"CODE_SIGN_IDENTITY[sdk=iphoneos*]" = "iPhone Developer";
				COPY_PHASE_STRIP = NO;
				DEBUG_INFORMATION_FORMAT = "dwarf-with-dsym";
				ENABLE_NS_ASSERTIONS = NO;
				ENABLE_STRICT_OBJC_MSGSEND = YES;
				GCC_C_LANGUAGE_STANDARD = gnu99;
				GCC_NO_COMMON_BLOCKS = YES;
				GCC_WARN_64_TO_32_BIT_CONVERSION = YES;
				GCC_WARN_ABOUT_RETURN_TYPE = YES_ERROR;
				GCC_WARN_UNDECLARED_SELECTOR = YES;
				GCC_WARN_UNINITIALIZED_AUTOS = YES_AGGRESSIVE;
				GCC_WARN_UNUSED_FUNCTION = YES;
				GCC_WARN_UNUSED_VARIABLE = YES;
				IPHONEOS_DEPLOYMENT_TARGET = 9.3;
				MTL_ENABLE_DEBUG_INFO = NO;
				SDKROOT = iphoneos;
				VALIDATE_PRODUCT = YES;
			};
			name = Release;
		};
		976737231D41222200158C06 /* Debug */ = {
			isa = XCBuildConfiguration;
			buildSettings = {
				ASSETCATALOG_COMPILER_APPICON_NAME = AppIcon;
				INFOPLIST_FILE = Receipts/Info.plist;
				LD_RUNPATH_SEARCH_PATHS = "$(inherited) @executable_path/Frameworks";
				PRODUCT_BUNDLE_IDENTIFIER = lighthouse.Receipts;
				PRODUCT_NAME = "$(TARGET_NAME)";
			};
			name = Debug;
		};
		976737241D41222200158C06 /* Release */ = {
			isa = XCBuildConfiguration;
			buildSettings = {
				ASSETCATALOG_COMPILER_APPICON_NAME = AppIcon;
				INFOPLIST_FILE = Receipts/Info.plist;
				LD_RUNPATH_SEARCH_PATHS = "$(inherited) @executable_path/Frameworks";
				PRODUCT_BUNDLE_IDENTIFIER = lighthouse.Receipts;
				PRODUCT_NAME = "$(TARGET_NAME)";
			};
			name = Release;
		};
/* End XCBuildConfiguration section */

/* Begin XCConfigurationList section */
		976737001D41222200158C06 /* Build configuration list for PBXProject "Receipts" */ = {
			isa = XCConfigurationList;
			buildConfigurations = (
				976737201D41222200158C06 /* Debug */,
				976737211D41222200158C06 /* Release */,
			);
			defaultConfigurationIsVisible = 0;
			defaultConfigurationName = Release;
		};
		976737221D41222200158C06 /* Build configuration list for PBXNativeTarget "Receipts" */ = {
			isa = XCConfigurationList;
			buildConfigurations = (
				976737231D41222200158C06 /* Debug */,
				976737241D41222200158C06 /* Release */,
			);
			defaultConfigurationIsVisible = 0;
		};
/* End XCConfigurationList section */

/* Begin XCVersionGroup section */
		9767370E1D41222200158C06 /* Receipts.xcdatamodeld */ = {
			isa = XCVersionGroup;
			children = (
				9767370F1D41222200158C06 /* Receipts.xcdatamodel */,
			);
			currentVersion = 9767370F1D41222200158C06 /* Receipts.xcdatamodel */;
			path = Receipts.xcdatamodeld;
			sourceTree = "<group>";
			versionGroupType = wrapper.xcdatamodel;
		};
/* End XCVersionGroup section */
	};
	rootObject = 976736FD1D41222200158C06 /* Project object */;
}
